
Microsoft Visual Studio Solution File, Format Version 12.00
# Visual Studio Version 17
VisualStudioVersion = 17.4.33103.184
MinimumVisualStudioVersion = 10.0.40219.1
Project("{FAE04EC0-301F-11D3-BF4B-00C04F79EFBC}") = "SET2_alt", "SET2_alt\SET2_alt.csproj", "{6E920E30-EE73-4C2D-A132-930FC64C917F}"
EndProject
Global
	GlobalSection(SolutionConfigurationPlatforms) = preSolution
		Debug|Any CPU = Debug|Any CPU
		Release|Any CPU = Release|Any CPU
	EndGlobalSection
	GlobalSection(ProjectConfigurationPlatforms) = postSolution
		{6E920E30-EE73-4C2D-A132-930FC64C917F}.Debug|Any CPU.ActiveCfg = Debug|Any CPU
		{6E920E30-EE73-4C2D-A132-930FC64C917F}.Debug|Any CPU.Build.0 = Debug|Any CPU
		{6E920E30-EE73-4C2D-A132-930FC64C917F}.Release|Any CPU.ActiveCfg = Release|Any CPU
		{6E920E30-EE73-4C2D-A132-930FC64C917F}.Release|Any CPU.Build.0 = Release|Any CPU
	EndGlobalSection
	GlobalSection(SolutionProperties) = preSolution
		HideSolutionNode = FALSE
	EndGlobalSection
	GlobalSection(ExtensibilityGlobals) = postSolution
		SolutionGuid = {F70EBD12-8A33-49AE-B6C3-857FCB79F92A}
	EndGlobalSection
EndGlobal
